
Microsoft Visual Studio Solution File, Format Version 12.00
# Visual Studio 2012
Project("{F184B08F-C81C-45F6-A57F-5ABD9991F28F}") = "TestMultipleInstancesMixerProNet", "TestMultipleInstancesMixerProNet\TestMultipleInstancesMixerProNet.vbproj", "{3AF44754-0CEE-480C-B37B-11BE797DF1D6}"
EndProject
Global
	GlobalSection(SolutionConfigurationPlatforms) = preSolution
		Debug|Any CPU = Debug|Any CPU
		Release|Any CPU = Release|Any CPU
	EndGlobalSection
	GlobalSection(ProjectConfigurationPlatforms) = postSolution
		{3AF44754-0CEE-480C-B37B-11BE797DF1D6}.Debug|Any CPU.ActiveCfg = Debug|Any CPU
		{3AF44754-0CEE-480C-B37B-11BE797DF1D6}.Debug|Any CPU.Build.0 = Debug|Any CPU
		{3AF44754-0CEE-480C-B37B-11BE797DF1D6}.Release|Any CPU.ActiveCfg = Release|Any CPU
		{3AF44754-0CEE-480C-B37B-11BE797DF1D6}.Release|Any CPU.Build.0 = Release|Any CPU
	EndGlobalSection
	GlobalSection(SolutionProperties) = preSolution
		HideSolutionNode = FALSE
	EndGlobalSection
EndGlobal
